
Microsoft Visual Studio Solution File, Format Version 12.00
# Visual Studio Version 17
VisualStudioVersion = 17.5.002.0
MinimumVisualStudioVersion = 10.0.40219.1
Project("{9A19103F-16F7-4668-BE54-9A1E7A4F7556}") = "FormLetter", "FormLetter.csproj", "{12E51075-9A05-4218-92BE-A2E6609C9211}"
EndProject
Global
	GlobalSection(SolutionConfigurationPlatforms) = preSolution
		Debug|Any CPU = Debug|Any CPU
		Release|Any CPU = Release|Any CPU
	EndGlobalSection
	GlobalSection(ProjectConfigurationPlatforms) = postSolution
		{12E51075-9A05-4218-92BE-A2E6609C9211}.Debug|Any CPU.ActiveCfg = Debug|Any CPU
		{12E51075-9A05-4218-92BE-A2E6609C9211}.Debug|Any CPU.Build.0 = Debug|Any CPU
		{12E51075-9A05-4218-92BE-A2E6609C9211}.Release|Any CPU.ActiveCfg = Release|Any CPU
		{12E51075-9A05-4218-92BE-A2E6609C9211}.Release|Any CPU.Build.0 = Release|Any CPU
	EndGlobalSection
	GlobalSection(SolutionProperties) = preSolution
		HideSolutionNode = FALSE
	EndGlobalSection
	GlobalSection(ExtensibilityGlobals) = postSolution
		SolutionGuid = {9548CFBD-EE8B-4D6A-8E1A-6D6618B23DEB}
	EndGlobalSection
EndGlobal
