
Microsoft Visual Studio Solution File, Format Version 12.00
# Visual Studio Version 17
VisualStudioVersion = 17.5.002.0
MinimumVisualStudioVersion = 10.0.40219.1
Project("{9A19103F-16F7-4668-BE54-9A1E7A4F7556}") = "ImproveRenewalRateOfSubscriptions", "ImproveRenewalRateOfSubscriptions.csproj", "{CE09B55A-8972-4EF7-B108-E4D8BC6CD410}"
EndProject
Global
	GlobalSection(SolutionConfigurationPlatforms) = preSolution
		Debug|Any CPU = Debug|Any CPU
		Release|Any CPU = Release|Any CPU
	EndGlobalSection
	GlobalSection(ProjectConfigurationPlatforms) = postSolution
		{CE09B55A-8972-4EF7-B108-E4D8BC6CD410}.Debug|Any CPU.ActiveCfg = Debug|Any CPU
		{CE09B55A-8972-4EF7-B108-E4D8BC6CD410}.Debug|Any CPU.Build.0 = Debug|Any CPU
		{CE09B55A-8972-4EF7-B108-E4D8BC6CD410}.Release|Any CPU.ActiveCfg = Release|Any CPU
		{CE09B55A-8972-4EF7-B108-E4D8BC6CD410}.Release|Any CPU.Build.0 = Release|Any CPU
	EndGlobalSection
	GlobalSection(SolutionProperties) = preSolution
		HideSolutionNode = FALSE
	EndGlobalSection
	GlobalSection(ExtensibilityGlobals) = postSolution
		SolutionGuid = {A704EA7D-720C-4D4B-AAE8-7A80E3C6BB38}
	EndGlobalSection
EndGlobal
